Microsoft Visual Studio Solution File, Format Version 12.00
# Visual Studio Version 17
VisualStudioVersion = 17.5.2.0
MinimumVisualStudioVersion = 10.0.40219.1
Project("{FAE04EC0-301F-11D3-BF4B-00C04F79EFBC}") = "ChatApplication", "ChatApplication.csproj", "{48D6650E-8604-FF62-5FA3-3340C2ADFE75}"
EndProject
Global
	GlobalSection(SolutionConfigurationPlatforms) = preSolution
		Debug|Any CPU = Debug|Any CPU
		Release|Any CPU = Release|Any CPU
	EndGlobalSection
	GlobalSection(ProjectConfigurationPlatforms) = postSolution
		{48D6650E-8604-FF62-5FA3-3340C2ADFE75}.Debug|Any CPU.ActiveCfg = Debug|Any CPU
		{48D6650E-8604-FF62-5FA3-3340C2ADFE75}.Debug|Any CPU.Build.0 = Debug|Any CPU
		{48D6650E-8604-FF62-5FA3-3340C2ADFE75}.Release|Any CPU.ActiveCfg = Release|Any CPU
		{48D6650E-8604-FF62-5FA3-3340C2ADFE75}.Release|Any CPU.Build.0 = Release|Any CPU
	EndGlobalSection
	GlobalSection(SolutionProperties) = preSolution
		HideSolutionNode = FALSE
	EndGlobalSection
	GlobalSection(ExtensibilityGlobals) = postSolution
		SolutionGuid = {685AA998-C62D-4DCB-A244-0D76E95C8932}
	EndGlobalSection
EndGlobal
